// !$*UTF8*$!
{
	archiveVersion = 1;
	classes = {
	};
	objectVersion = 56;
	objects = {

/* Begin PBXBuildFile section */
		012B58D52BFF63EC009ADF16 /* SettingTableViewController.swift in Sources */ = {isa = PBXBuildFile; fileRef = 012B58D42BFF63EC009ADF16 /* SettingTableViewController.swift */; };
		016B9B242C08B213009D2996 /* MapViewController.swift in Sources */ = {isa = PBXBuildFile; fileRef = 016B9B232C08B213009D2996 /* MapViewController.swift */; };
		016B9B372C0C854D009D2996 /* TalkViewController.swift in Sources */ = {isa = PBXBuildFile; fileRef = 016B9B362C0C854D009D2996 /* TalkViewController.swift */; };
		016B9B392C0C8594009D2996 /* ChattingData.swift in Sources */ = {isa = PBXBuildFile; fileRef = 016B9B382C0C8594009D2996 /* ChattingData.swift */; };
		016B9B3D2C0C93AB009D2996 /* ChattingListTableViewCell.xib in Resources */ = {isa = PBXBuildFile; fileRef = 016B9B3C2C0C93AB009D2996 /* ChattingListTableViewCell.xib */; };
		016B9B3E2C0C93AB009D2996 /* ChattingListTableViewCell.swift in Sources */ = {isa = PBXBuildFile; fileRef = 016B9B3B2C0C93AB009D2996 /* ChattingListTableViewCell.swift */; };
		016B9B6C2C0D9959009D2996 /* ChattingRoomViewController.swift in Sources */ = {isa = PBXBuildFile; fileRef = 016B9B6B2C0D9959009D2996 /* ChattingRoomViewController.swift */; };
		016B9B6F2C0D9A4A009D2996 /* ChattingRoomTableViewCell.xib in Resources */ = {isa = PBXBuildFile; fileRef = 016B9B6E2C0D9A4A009D2996 /* ChattingRoomTableViewCell.xib */; };
		016B9B702C0D9A4A009D2996 /* ChattingRoomTableViewCell.swift in Sources */ = {isa = PBXBuildFile; fileRef = 016B9B6D2C0D9A4A009D2996 /* ChattingRoomTableViewCell.swift */; };
		016B9B852C0F04F0009D2996 /* RxCocoa in Frameworks */ = {isa = PBXBuildFile; productRef = 016B9B842C0F04F0009D2996 /* RxCocoa */; };
		016B9B872C0F04F0009D2996 /* RxSwift in Frameworks */ = {isa = PBXBuildFile; productRef = 016B9B862C0F04F0009D2996 /* RxSwift */; };
		016B9B8A2C0F0508009D2996 /* RxKeyboard in Frameworks */ = {isa = PBXBuildFile; productRef = 016B9B892C0F0508009D2996 /* RxKeyboard */; };
		016B9B8D2C0F078C009D2996 /* SnapKit in Frameworks */ = {isa = PBXBuildFile; productRef = 016B9B8C2C0F078C009D2996 /* SnapKit */; };
		018B254D2BFF283E00CFE307 /* AppDelegate.swift in Sources */ = {isa = PBXBuildFile; fileRef = 018B254C2BFF283E00CFE307 /* AppDelegate.swift */; };
		018B254F2BFF283E00CFE307 /* SceneDelegate.swift in Sources */ = {isa = PBXBuildFile; fileRef = 018B254E2BFF283E00CFE307 /* SceneDelegate.swift */; };
		018B25512BFF283E00CFE307 /* ViewController.swift in Sources */ = {isa = PBXBuildFile; fileRef = 018B25502BFF283E00CFE307 /* ViewController.swift */; };
		018B25542BFF283E00CFE307 /* Base in Resources */ = {isa = PBXBuildFile; fileRef = 018B25532BFF283E00CFE307 /* Base */; };
		018B25562BFF284000CFE307 /* Assets.xcassets in Resources */ = {isa = PBXBuildFile; fileRef = 018B25552BFF284000CFE307 /* Assets.xcassets */; };
		018B25592BFF284000CFE307 /* Base in Resources */ = {isa = PBXBuildFile; fileRef = 018B25582BFF284000CFE307 /* Base */; };
		019B3BBC2C00BCDD00E4F624 /* ShoppingTableViewController.swift in Sources */ = {isa = PBXBuildFile; fileRef = 019B3BBB2C00BCDD00E4F624 /* ShoppingTableViewController.swift */; };
		019B3BBE2C00C40600E4F624 /* Restaurant.swift in Sources */ = {isa = PBXBuildFile; fileRef = 019B3BBD2C00C40600E4F624 /* Restaurant.swift */; };
		019B3BC02C032DDF00E4F624 /* ShoppingTableViewCell.swift in Sources */ = {isa = PBXBuildFile; fileRef = 019B3BBF2C032DDF00E4F624 /* ShoppingTableViewCell.swift */; };
		019B3BC42C033ACA00E4F624 /* MagazineInfo.swift in Sources */ = {isa = PBXBuildFile; fileRef = 019B3BC32C033ACA00E4F624 /* MagazineInfo.swift */; };
		019B3BC92C0355FB00E4F624 /* Kingfisher in Frameworks */ = {isa = PBXBuildFile; productRef = 019B3BC82C0355FB00E4F624 /* Kingfisher */; };
		019B3BCE2C0363FB00E4F624 /* RestaurantTableViewController.swift in Sources */ = {isa = PBXBuildFile; fileRef = 019B3BCD2C0363FB00E4F624 /* RestaurantTableViewController.swift */; };
		019B3BD02C03671100E4F624 /* RestaurantTableViewCell.swift in Sources */ = {isa = PBXBuildFile; fileRef = 019B3BCF2C03671100E4F624 /* RestaurantTableViewCell.swift */; };
		019B3BD22C04A61100E4F624 /* CountryViewController.swift in Sources */ = {isa = PBXBuildFile; fileRef = 019B3BD12C04A61100E4F624 /* CountryViewController.swift */; };
		019B3BD52C04A6B300E4F624 /* CountryTableViewCell.swift in Sources */ = {isa = PBXBuildFile; fileRef = 019B3BD32C04A6B300E4F624 /* CountryTableViewCell.swift */; };
		019B3BD62C04A6B300E4F624 /* CountryTableViewCell.xib in Resources */ = {isa = PBXBuildFile; fileRef = 019B3BD42C04A6B300E4F624 /* CountryTableViewCell.xib */; };
		019B3BD82C04B18000E4F624 /* TravelModel.swift in Sources */ = {isa = PBXBuildFile; fileRef = 019B3BD72C04B18000E4F624 /* TravelModel.swift */; };
		019B3BDE2C05584700E4F624 /* UILabel+Extension.swift in Sources */ = {isa = PBXBuildFile; fileRef = 019B3BDD2C05584700E4F624 /* UILabel+Extension.swift */; };
		01B6337C2C05FC7800C2E598 /* TravelTableViewCell.swift in Sources */ = {isa = PBXBuildFile; fileRef = 01B6337A2C05FC7800C2E598 /* TravelTableViewCell.swift */; };
		01B6337D2C05FC7800C2E598 /* TravelTableViewCell.xib in Resources */ = {isa = PBXBuildFile; fileRef = 01B6337B2C05FC7800C2E598 /* TravelTableViewCell.xib */; };
		01B633832C06006500C2E598 /* TravelViewController.swift in Sources */ = {isa = PBXBuildFile; fileRef = 01B633822C06006500C2E598 /* TravelViewController.swift */; };
		01B6338A2C07196200C2E598 /* CountryDetailViewController.swift in Sources */ = {isa = PBXBuildFile; fileRef = 01B633892C07196200C2E598 /* CountryDetailViewController.swift */; };
		01B6338C2C071A0C00C2E598 /* AdViewController.swift in Sources */ = {isa = PBXBuildFile; fileRef = 01B6338B2C071A0C00C2E598 /* AdViewController.swift */; };
		01B6338F2C07200800C2E598 /* CityInfo.swift in Sources */ = {isa = PBXBuildFile; fileRef = 01B6338E2C07200800C2E598 /* CityInfo.swift */; };
		01B633912C07212C00C2E598 /* PopularCityViewController.swift in Sources */ = {isa = PBXBuildFile; fileRef = 01B633902C07212C00C2E598 /* PopularCityViewController.swift */; };
		01B633942C0721BD00C2E598 /* PopularCityTableViewCell.swift in Sources */ = {isa = PBXBuildFile; fileRef = 01B633922C0721BD00C2E598 /* PopularCityTableViewCell.swift */; };
		01B633952C0721BD00C2E598 /* PopularCityTableViewCell.xib in Resources */ = {isa = PBXBuildFile; fileRef = 01B633932C0721BD00C2E598 /* PopularCityTableViewCell.xib */; };
/* End PBXBuildFile section */

/* Begin PBXFileReference section */
		012B58D42BFF63EC009ADF16 /* SettingTableViewController.swift */ = {isa = PBXFileReference; lastKnownFileType = sourcecode.swift; path = SettingTableViewController.swift; sourceTree = "<group>"; };
		016B9B232C08B213009D2996 /* MapViewController.swift */ = {isa = PBXFileReference; lastKnownFileType = sourcecode.swift; path = MapViewController.swift; sourceTree = "<group>"; };
		016B9B362C0C854D009D2996 /* TalkViewController.swift */ = {isa = PBXFileReference; lastKnownFileType = sourcecode.swift; path = TalkViewController.swift; sourceTree = "<group>"; };
		016B9B382C0C8594009D2996 /* ChattingData.swift */ = {isa = PBXFileReference; lastKnownFileType = sourcecode.swift; path = ChattingData.swift; sourceTree = "<group>"; };
		016B9B3B2C0C93AB009D2996 /* ChattingListTableViewCell.swift */ = {isa = PBXFileReference; lastKnownFileType = sourcecode.swift; path = ChattingListTableViewCell.swift; sourceTree = "<group>"; };
		016B9B3C2C0C93AB009D2996 /* ChattingListTableViewCell.xib */ = {isa = PBXFileReference; lastKnownFileType = file.xib; path = ChattingListTableViewCell.xib; sourceTree = "<group>"; };
		016B9B6B2C0D9959009D2996 /* ChattingRoomViewController.swift */ = {isa = PBXFileReference; lastKnownFileType = sourcecode.swift; path = ChattingRoomViewController.swift; sourceTree = "<group>"; };
		016B9B6D2C0D9A4A009D2996 /* ChattingRoomTableViewCell.swift */ = {isa = PBXFileReference; lastKnownFileType = sourcecode.swift; path = ChattingRoomTableViewCell.swift; sourceTree = "<group>"; };
		016B9B6E2C0D9A4A009D2996 /* ChattingRoomTableViewCell.xib */ = {isa = PBXFileReference; lastKnownFileType = file.xib; path = ChattingRoomTableViewCell.xib; sourceTree = "<group>"; };
		018B25492BFF283E00CFE307 /* TVC_Assign.app */ = {isa = PBXFileReference; explicitFileType = wrapper.application; includeInIndex = 0; path = TVC_Assign.app; sourceTree = BUILT_PRODUCTS_DIR; };
		018B254C2BFF283E00CFE307 /* AppDelegate.swift */ = {isa = PBXFileReference; lastKnownFileType = sourcecode.swift; path = AppDelegate.swift; sourceTree = "<group>"; };
		018B254E2BFF283E00CFE307 /* SceneDelegate.swift */ = {isa = PBXFileReference; lastKnownFileType = sourcecode.swift; path = SceneDelegate.swift; sourceTree = "<group>"; };
		018B25502BFF283E00CFE307 /* ViewController.swift */ = {isa = PBXFileReference; lastKnownFileType = sourcecode.swift; path = ViewController.swift; sourceTree = "<group>"; };
		018B25532BFF283E00CFE307 /* Base */ = {isa = PBXFileReference; lastKnownFileType = file.storyboard; name = Base; path = Base.lproj/Main.storyboard; sourceTree = "<group>"; };
		018B25552BFF284000CFE307 /* Assets.xcassets */ = {isa = PBXFileReference; lastKnownFileType = folder.assetcatalog; path = Assets.xcassets; sourceTree = "<group>"; };
		018B25582BFF284000CFE307 /* Base */ = {isa = PBXFileReference; lastKnownFileType = file.storyboard; name = Base; path = Base.lproj/LaunchScreen.storyboard; sourceTree = "<group>"; };
		018B255A2BFF284000CFE307 /* Info.plist */ = {isa = PBXFileReference; lastKnownFileType = text.plist.xml; path = Info.plist; sourceTree = "<group>"; };
		019B3BBB2C00BCDD00E4F624 /* ShoppingTableViewController.swift */ = {isa = PBXFileReference; lastKnownFileType = sourcecode.swift; path = ShoppingTableViewController.swift; sourceTree = "<group>"; };
		019B3BBD2C00C40600E4F624 /* Restaurant.swift */ = {isa = PBXFileReference; lastKnownFileType = sourcecode.swift; path = Restaurant.swift; sourceTree = "<group>"; };
		019B3BBF2C032DDF00E4F624 /* ShoppingTableViewCell.swift */ = {isa = PBXFileReference; lastKnownFileType = sourcecode.swift; path = ShoppingTableViewCell.swift; sourceTree = "<group>"; };
		019B3BC32C033ACA00E4F624 /* MagazineInfo.swift */ = {isa = PBXFileReference; lastKnownFileType = sourcecode.swift; path = MagazineInfo.swift; sourceTree = "<group>"; };
		019B3BCD2C0363FB00E4F624 /* RestaurantTableViewController.swift */ = {isa = PBXFileReference; lastKnownFileType = sourcecode.swift; path = RestaurantTableViewController.swift; sourceTree = "<group>"; };
		019B3BCF2C03671100E4F624 /* RestaurantTableViewCell.swift */ = {isa = PBXFileReference; lastKnownFileType = sourcecode.swift; path = RestaurantTableViewCell.swift; sourceTree = "<group>"; };
		019B3BD12C04A61100E4F624 /* CountryViewController.swift */ = {isa = PBXFileReference; lastKnownFileType = sourcecode.swift; path = CountryViewController.swift; sourceTree = "<group>"; };
		019B3BD32C04A6B300E4F624 /* CountryTableViewCell.swift */ = {isa = PBXFileReference; lastKnownFileType = sourcecode.swift; path = CountryTableViewCell.swift; sourceTree = "<group>"; };
		019B3BD42C04A6B300E4F624 /* CountryTableViewCell.xib */ = {isa = PBXFileReference; lastKnownFileType = file.xib; path = CountryTableViewCell.xib; sourceTree = "<group>"; };
		019B3BD72C04B18000E4F624 /* TravelModel.swift */ = {isa = PBXFileReference; lastKnownFileType = sourcecode.swift; path = TravelModel.swift; sourceTree = "<group>"; };
		019B3BDD2C05584700E4F624 /* UILabel+Extension.swift */ = {isa = PBXFileReference; lastKnownFileType = sourcecode.swift; path = "UILabel+Extension.swift"; sourceTree = "<group>"; };
		01B6337A2C05FC7800C2E598 /* TravelTableViewCell.swift */ = {isa = PBXFileReference; lastKnownFileType = sourcecode.swift; path = TravelTableViewCell.swift; sourceTree = "<group>"; };
		01B6337B2C05FC7800C2E598 /* TravelTableViewCell.xib */ = {isa = PBXFileReference; lastKnownFileType = file.xib; path = TravelTableViewCell.xib; sourceTree = "<group>"; };
		01B633822C06006500C2E598 /* TravelViewController.swift */ = {isa = PBXFileReference; lastKnownFileType = sourcecode.swift; path = TravelViewController.swift; sourceTree = "<group>"; };
		01B633892C07196200C2E598 /* CountryDetailViewController.swift */ = {isa = PBXFileReference; lastKnownFileType = sourcecode.swift; path = CountryDetailViewController.swift; sourceTree = "<group>"; };
		01B6338B2C071A0C00C2E598 /* AdViewController.swift */ = {isa = PBXFileReference; lastKnownFileType = sourcecode.swift; path = AdViewController.swift; sourceTree = "<group>"; };
		01B6338E2C07200800C2E598 /* CityInfo.swift */ = {isa = PBXFileReference; lastKnownFileType = sourcecode.swift; path = CityInfo.swift; sourceTree = "<group>"; };
		01B633902C07212C00C2E598 /* PopularCityViewController.swift */ = {isa = PBXFileReference; lastKnownFileType = sourcecode.swift; path = PopularCityViewController.swift; sourceTree = "<group>"; };
		01B633922C0721BD00C2E598 /* PopularCityTableViewCell.swift */ = {isa = PBXFileReference; lastKnownFileType = sourcecode.swift; path = PopularCityTableViewCell.swift; sourceTree = "<group>"; };
		01B633932C0721BD00C2E598 /* PopularCityTableViewCell.xib */ = {isa = PBXFileReference; lastKnownFileType = file.xib; path = PopularCityTableViewCell.xib; sourceTree = "<group>"; };
/* End PBXFileReference section */

/* Begin PBXFrameworksBuildPhase section */
		018B25462BFF283E00CFE307 /* Frameworks */ = {
			isa = PBXFrameworksBuildPhase;
			buildActionMask = 2147483647;
			files = (
				016B9B872C0F04F0009D2996 /* RxSwift in Frameworks */,
				016B9B8A2C0F0508009D2996 /* RxKeyboard in Frameworks */,
				016B9B852C0F04F0009D2996 /* RxCocoa in Frameworks */,
				019B3BC92C0355FB00E4F624 /* Kingfisher in Frameworks */,
				016B9B8D2C0F078C009D2996 /* SnapKit in Frameworks */,
			);
			runOnlyForDeploymentPostprocessing = 0;
		};
/* End PBXFrameworksBuildPhase section */

/* Begin PBXGroup section */
		016B9B1E2C089087009D2996 /* Setting */ = {
			isa = PBXGroup;
			children = (
				012B58D42BFF63EC009ADF16 /* SettingTableViewController.swift */,
			);
			path = Setting;
			sourceTree = "<group>";
		};
		016B9B1F2C089094009D2996 /* Shopping */ = {
			isa = PBXGroup;
			children = (
				019B3BBB2C00BCDD00E4F624 /* ShoppingTableViewController.swift */,
			);
			path = Shopping;
			sourceTree = "<group>";
		};
		016B9B202C0890A3009D2996 /* Restaurant */ = {
			isa = PBXGroup;
			children = (
				019B3BCD2C0363FB00E4F624 /* RestaurantTableViewController.swift */,
				016B9B232C08B213009D2996 /* MapViewController.swift */,
			);
			path = Restaurant;
			sourceTree = "<group>";
		};
		016B9B212C0890B5009D2996 /* Shopping */ = {
			isa = PBXGroup;
			children = (
				019B3BBF2C032DDF00E4F624 /* ShoppingTableViewCell.swift */,
			);
			path = Shopping;
			sourceTree = "<group>";
		};
		016B9B222C0890BF009D2996 /* Restaurant */ = {
			isa = PBXGroup;
			children = (
				019B3BCF2C03671100E4F624 /* RestaurantTableViewCell.swift */,
			);
			path = Restaurant;
			sourceTree = "<group>";
		};
		016B9B352C0C8526009D2996 /* Talk */ = {
			isa = PBXGroup;
			children = (
				016B9B362C0C854D009D2996 /* TalkViewController.swift */,
				016B9B6B2C0D9959009D2996 /* ChattingRoomViewController.swift */,
			);
			path = Talk;
			sourceTree = "<group>";
		};
		016B9B3A2C0C937F009D2996 /* Talk */ = {
			isa = PBXGroup;
			children = (
				016B9B3B2C0C93AB009D2996 /* ChattingListTableViewCell.swift */,
				016B9B3C2C0C93AB009D2996 /* ChattingListTableViewCell.xib */,
				016B9B6D2C0D9A4A009D2996 /* ChattingRoomTableViewCell.swift */,
				016B9B6E2C0D9A4A009D2996 /* ChattingRoomTableViewCell.xib */,
			);
			path = Talk;
			sourceTree = "<group>";
		};
		018B25402BFF283E00CFE307 = {
			isa = PBXGroup;
			children = (
				018B254B2BFF283E00CFE307 /* TVC_Assign */,
				018B254A2BFF283E00CFE307 /* Products */,
			);
			sourceTree = "<group>";
		};
		018B254A2BFF283E00CFE307 /* Products */ = {
			isa = PBXGroup;
			children = (
				018B25492BFF283E00CFE307 /* TVC_Assign.app */,
			);
			name = Products;
			sourceTree = "<group>";
		};
		018B254B2BFF283E00CFE307 /* TVC_Assign */ = {
			isa = PBXGroup;
			children = (
				019B3BCC2C03639600E4F624 /* Presentation */,
				019B3BCB2C03639000E4F624 /* Cell */,
				019B3BCA2C03638800E4F624 /* Model */,
				018B254C2BFF283E00CFE307 /* AppDelegate.swift */,
				018B254E2BFF283E00CFE307 /* SceneDelegate.swift */,
				018B25502BFF283E00CFE307 /* ViewController.swift */,
				019B3BDD2C05584700E4F624 /* UILabel+Extension.swift */,
				018B25522BFF283E00CFE307 /* Main.storyboard */,
				018B25552BFF284000CFE307 /* Assets.xcassets */,
				018B25572BFF284000CFE307 /* LaunchScreen.storyboard */,
				018B255A2BFF284000CFE307 /* Info.plist */,
			);
			path = TVC_Assign;
			sourceTree = "<group>";
		};
		019B3BCA2C03638800E4F624 /* Model */ = {
			isa = PBXGroup;
			children = (
				019B3BC32C033ACA00E4F624 /* MagazineInfo.swift */,
				019B3BBD2C00C40600E4F624 /* Restaurant.swift */,
				019B3BD72C04B18000E4F624 /* TravelModel.swift */,
				01B6338E2C07200800C2E598 /* CityInfo.swift */,
				016B9B382C0C8594009D2996 /* ChattingData.swift */,
			);
			path = Model;
			sourceTree = "<group>";
		};
		019B3BCB2C03639000E4F624 /* Cell */ = {
			isa = PBXGroup;
			children = (
				016B9B222C0890BF009D2996 /* Restaurant */,
				016B9B212C0890B5009D2996 /* Shopping */,
				01B6337F2C05FCA000C2E598 /* Country */,
				01B6337E2C05FC8500C2E598 /* Travel */,
				016B9B3A2C0C937F009D2996 /* Talk */,
			);
			path = Cell;
			sourceTree = "<group>";
		};
		019B3BCC2C03639600E4F624 /* Presentation */ = {
			isa = PBXGroup;
			children = (
				016B9B202C0890A3009D2996 /* Restaurant */,
				016B9B1F2C089094009D2996 /* Shopping */,
				016B9B1E2C089087009D2996 /* Setting */,
				01B633882C07194200C2E598 /* Country */,
				01B6338D2C071DE100C2E598 /* Travel */,
				016B9B352C0C8526009D2996 /* Talk */,
			);
			path = Presentation;
			sourceTree = "<group>";
		};
		01B6337E2C05FC8500C2E598 /* Travel */ = {
			isa = PBXGroup;
			children = (
				01B6337A2C05FC7800C2E598 /* TravelTableViewCell.swift */,
				01B6337B2C05FC7800C2E598 /* TravelTableViewCell.xib */,
				01B633922C0721BD00C2E598 /* PopularCityTableViewCell.swift */,
				01B633932C0721BD00C2E598 /* PopularCityTableViewCell.xib */,
			);
			path = Travel;
			sourceTree = "<group>";
		};
		01B6337F2C05FCA000C2E598 /* Country */ = {
			isa = PBXGroup;
			children = (
				019B3BD32C04A6B300E4F624 /* CountryTableViewCell.swift */,
				019B3BD42C04A6B300E4F624 /* CountryTableViewCell.xib */,
			);
			path = Country;
			sourceTree = "<group>";
		};
		01B633882C07194200C2E598 /* Country */ = {
			isa = PBXGroup;
			children = (
				019B3BD12C04A61100E4F624 /* CountryViewController.swift */,
				01B633892C07196200C2E598 /* CountryDetailViewController.swift */,
				01B6338B2C071A0C00C2E598 /* AdViewController.swift */,
			);
			path = Country;
			sourceTree = "<group>";
		};
		01B6338D2C071DE100C2E598 /* Travel */ = {
			isa = PBXGroup;
			children = (
				01B633822C06006500C2E598 /* TravelViewController.swift */,
				01B633902C07212C00C2E598 /* PopularCityViewController.swift */,
			);
			path = Travel;
			sourceTree = "<group>";
		};
/* End PBXGroup section */

/* Begin PBXNativeTarget section */
		018B25482BFF283E00CFE307 /* TVC_Assign */ = {
			isa = PBXNativeTarget;
			buildConfigurationList = 018B255D2BFF284000CFE307 /* Build configuration list for PBXNativeTarget "TVC_Assign" */;
			buildPhases = (
				018B25452BFF283E00CFE307 /* Sources */,
				018B25462BFF283E00CFE307 /* Frameworks */,
				018B25472BFF283E00CFE307 /* Resources */,
			);
			buildRules = (
			);
			dependencies = (
			);
			name = TVC_Assign;
			packageProductDependencies = (
				019B3BC82C0355FB00E4F624 /* Kingfisher */,
				016B9B842C0F04F0009D2996 /* RxCocoa */,
				016B9B862C0F04F0009D2996 /* RxSwift */,
				016B9B892C0F0508009D2996 /* RxKeyboard */,
				016B9B8C2C0F078C009D2996 /* SnapKit */,
			);
			productName = TVC_Assign;
			productReference = 018B25492BFF283E00CFE307 /* TVC_Assign.app */;
			productType = "com.apple.product-type.application";
		};
/* End PBXNativeTarget section */

/* Begin PBXProject section */
		018B25412BFF283E00CFE307 /* Project object */ = {
			isa = PBXProject;
			attributes = {
				BuildIndependentTargetsInParallel = 1;
				LastSwiftUpdateCheck = 1530;
				LastUpgradeCheck = 1530;
				TargetAttributes = {
					018B25482BFF283E00CFE307 = {
						CreatedOnToolsVersion = 15.3;
					};
				};
			};
			buildConfigurationList = 018B25442BFF283E00CFE307 /* Build configuration list for PBXProject "TVC_Assign" */;
			compatibilityVersion = "Xcode 14.0";
			developmentRegion = en;
			hasScannedForEncodings = 0;
			knownRegions = (
				en,
				Base,
			);
			mainGroup = 018B25402BFF283E00CFE307;
			packageReferences = (
				019B3BC72C0355FB00E4F624 /* XCRemoteSwiftPackageReference "Kingfisher" */,
				016B9B832C0F04F0009D2996 /* XCRemoteSwiftPackageReference "RxSwift" */,
				016B9B882C0F0508009D2996 /* XCRemoteSwiftPackageReference "RxKeyboard" */,
				016B9B8B2C0F078C009D2996 /* XCRemoteSwiftPackageReference "SnapKit" */,
			);
			productRefGroup = 018B254A2BFF283E00CFE307 /* Products */;
			projectDirPath = "";
			projectRoot = "";
			targets = (
				018B25482BFF283E00CFE307 /* TVC_Assign */,
			);
		};
/* End PBXProject section */

/* Begin PBXResourcesBuildPhase section */
		018B25472BFF283E00CFE307 /* Resources */ = {
			isa = PBXResourcesBuildPhase;
			buildActionMask = 2147483647;
			files = (
				016B9B6F2C0D9A4A009D2996 /* ChattingRoomTableViewCell.xib in Resources */,
				016B9B3D2C0C93AB009D2996 /* ChattingListTableViewCell.xib in Resources */,
				01B633952C0721BD00C2E598 /* PopularCityTableViewCell.xib in Resources */,
				019B3BD62C04A6B300E4F624 /* CountryTableViewCell.xib in Resources */,
				018B25562BFF284000CFE307 /* Assets.xcassets in Resources */,
				01B6337D2C05FC7800C2E598 /* TravelTableViewCell.xib in Resources */,
				018B25592BFF284000CFE307 /* Base in Resources */,
				018B25542BFF283E00CFE307 /* Base in Resources */,
			);
			runOnlyForDeploymentPostprocessing = 0;
		};
/* End PBXResourcesBuildPhase section */

/* Begin PBXSourcesBuildPhase section */
		018B25452BFF283E00CFE307 /* Sources */ = {
			isa = PBXSourcesBuildPhase;
			buildActionMask = 2147483647;
			files = (
				019B3BDE2C05584700E4F624 /* UILabel+Extension.swift in Sources */,
				016B9B392C0C8594009D2996 /* ChattingData.swift in Sources */,
				01B6338A2C07196200C2E598 /* CountryDetailViewController.swift in Sources */,
				012B58D52BFF63EC009ADF16 /* SettingTableViewController.swift in Sources */,
				018B25512BFF283E00CFE307 /* ViewController.swift in Sources */,
				019B3BBE2C00C40600E4F624 /* Restaurant.swift in Sources */,
				019B3BD02C03671100E4F624 /* RestaurantTableViewCell.swift in Sources */,
				018B254D2BFF283E00CFE307 /* AppDelegate.swift in Sources */,
				016B9B3E2C0C93AB009D2996 /* ChattingListTableViewCell.swift in Sources */,
				019B3BCE2C0363FB00E4F624 /* RestaurantTableViewController.swift in Sources */,
				01B633832C06006500C2E598 /* TravelViewController.swift in Sources */,
				01B633912C07212C00C2E598 /* PopularCityViewController.swift in Sources */,
				019B3BBC2C00BCDD00E4F624 /* ShoppingTableViewController.swift in Sources */,
				016B9B242C08B213009D2996 /* MapViewController.swift in Sources */,
				01B6337C2C05FC7800C2E598 /* TravelTableViewCell.swift in Sources */,
				019B3BC02C032DDF00E4F624 /* ShoppingTableViewCell.swift in Sources */,
				01B633942C0721BD00C2E598 /* PopularCityTableViewCell.swift in Sources */,
				016B9B702C0D9A4A009D2996 /* ChattingRoomTableViewCell.swift in Sources */,
				018B254F2BFF283E00CFE307 /* SceneDelegate.swift in Sources */,
				01B6338F2C07200800C2E598 /* CityInfo.swift in Sources */,
				019B3BC42C033ACA00E4F624 /* MagazineInfo.swift in Sources */,
				016B9B372C0C854D009D2996 /* TalkViewController.swift in Sources */,
				019B3BD82C04B18000E4F624 /* TravelModel.swift in Sources */,
				016B9B6C2C0D9959009D2996 /* ChattingRoomViewController.swift in Sources */,
				01B6338C2C071A0C00C2E598 /* AdViewController.swift in Sources */,
				019B3BD52C04A6B300E4F624 /* CountryTableViewCell.swift in Sources */,
				019B3BD22C04A61100E4F624 /* CountryViewController.swift in Sources */,
			);
			runOnlyForDeploymentPostprocessing = 0;
		};
/* End PBXSourcesBuildPhase section */

/* Begin PBXVariantGroup section */
		018B25522BFF283E00CFE307 /* Main.storyboard */ = {
			isa = PBXVariantGroup;
			children = (
				018B25532BFF283E00CFE307 /* Base */,
			);
			name = Main.storyboard;
			sourceTree = "<group>";
		};
		018B25572BFF284000CFE307 /* LaunchScreen.storyboard */ = {
			isa = PBXVariantGroup;
			children = (
				018B25582BFF284000CFE307 /* Base */,
			);
			name = LaunchScreen.storyboard;
			sourceTree = "<group>";
		};
/* End PBXVariantGroup section */

/* Begin XCBuildConfiguration section */
		018B255B2BFF284000CFE307 /* Debug */ = {
			isa = XCBuildConfiguration;
			buildSettings = {
				ALWAYS_SEARCH_USER_PATHS = NO;
				ASSETCATALOG_COMPILER_GENERATE_SWIFT_ASSET_SYMBOL_EXTENSIONS = YES;
				CLANG_ANALYZER_NONNULL = YES;
				CLANG_ANALYZER_NUMBER_OBJECT_CONVERSION = YES_AGGRESSIVE;
				CLANG_CXX_LANGUAGE_STANDARD = "gnu++20";
				CLANG_ENABLE_MODULES = YES;
				CLANG_ENABLE_OBJC_ARC = YES;
				CLANG_ENABLE_OBJC_WEAK = YES;
				CLANG_WARN_BLOCK_CAPTURE_AUTORELEASING = YES;
				CLANG_WARN_BOOL_CONVERSION = YES;
				CLANG_WARN_COMMA = YES;
				CLANG_WARN_CONSTANT_CONVERSION = YES;
				CLANG_WARN_DEPRECATED_OBJC_IMPLEMENTATIONS = YES;
				CLANG_WARN_DIRECT_OBJC_ISA_USAGE = YES_ERROR;
				CLANG_WARN_DOCUMENTATION_COMMENTS = YES;
				CLANG_WARN_EMPTY_BODY = YES;
				CLANG_WARN_ENUM_CONVERSION = YES;
				CLANG_WARN_INFINITE_RECURSION = YES;
				CLANG_WARN_INT_CONVERSION = YES;
				CLANG_WARN_NON_LITERAL_NULL_CONVERSION = YES;
				CLANG_WARN_OBJC_IMPLICIT_RETAIN_SELF = YES;
				CLANG_WARN_OBJC_LITERAL_CONVERSION = YES;
				CLANG_WARN_OBJC_ROOT_CLASS = YES_ERROR;
				CLANG_WARN_QUOTED_INCLUDE_IN_FRAMEWORK_HEADER = YES;
				CLANG_WARN_RANGE_LOOP_ANALYSIS = YES;
				CLANG_WARN_STRICT_PROTOTYPES = YES;
				CLANG_WARN_SUSPICIOUS_MOVE = YES;
				CLANG_WARN_UNGUARDED_AVAILABILITY = YES_AGGRESSIVE;
				CLANG_WARN_UNREACHABLE_CODE = YES;
				CLANG_WARN__DUPLICATE_METHOD_MATCH = YES;
				COPY_PHASE_STRIP = NO;
				DEBUG_INFORMATION_FORMAT = dwarf;
				ENABLE_STRICT_OBJC_MSGSEND = YES;
				ENABLE_TESTABILITY = YES;
				ENABLE_USER_SCRIPT_SANDBOXING = YES;
				GCC_C_LANGUAGE_STANDARD = gnu17;
				GCC_DYNAMIC_NO_PIC = NO;
				GCC_NO_COMMON_BLOCKS = YES;
				GCC_OPTIMIZATION_LEVEL = 0;
				GCC_PREPROCESSOR_DEFINITIONS = (
					"DEBUG=1",
					"$(inherited)",
				);
				GCC_WARN_64_TO_32_BIT_CONVERSION = YES;
				GCC_WARN_ABOUT_RETURN_TYPE = YES_ERROR;
				GCC_WARN_UNDECLARED_SELECTOR = YES;
				GCC_WARN_UNINITIALIZED_AUTOS = YES_AGGRESSIVE;
				GCC_WARN_UNUSED_FUNCTION = YES;
				GCC_WARN_UNUSED_VARIABLE = YES;
				IPHONEOS_DEPLOYMENT_TARGET = 17.4;
				LOCALIZATION_PREFERS_STRING_CATALOGS = YES;
				MTL_ENABLE_DEBUG_INFO = INCLUDE_SOURCE;
				MTL_FAST_MATH = YES;
				ONLY_ACTIVE_ARCH = YES;
				SDKROOT = iphoneos;
				SWIFT_ACTIVE_COMPILATION_CONDITIONS = "DEBUG $(inherited)";
				SWIFT_OPTIMIZATION_LEVEL = "-Onone";
			};
			name = Debug;
		};
		018B255C2BFF284000CFE307 /* Release */ = {
			isa = XCBuildConfiguration;
			buildSettings = {
				ALWAYS_SEARCH_USER_PATHS = NO;
				ASSETCATALOG_COMPILER_GENERATE_SWIFT_ASSET_SYMBOL_EXTENSIONS = YES;
				CLANG_ANALYZER_NONNULL = YES;
				CLANG_ANALYZER_NUMBER_OBJECT_CONVERSION = YES_AGGRESSIVE;
				CLANG_CXX_LANGUAGE_STANDARD = "gnu++20";
				CLANG_ENABLE_MODULES = YES;
				CLANG_ENABLE_OBJC_ARC = YES;
				CLANG_ENABLE_OBJC_WEAK = YES;
				CLANG_WARN_BLOCK_CAPTURE_AUTORELEASING = YES;
				CLANG_WARN_BOOL_CONVERSION = YES;
				CLANG_WARN_COMMA = YES;
				CLANG_WARN_CONSTANT_CONVERSION = YES;
				CLANG_WARN_DEPRECATED_OBJC_IMPLEMENTATIONS = YES;
				CLANG_WARN_DIRECT_OBJC_ISA_USAGE = YES_ERROR;
				CLANG_WARN_DOCUMENTATION_COMMENTS = YES;
				CLANG_WARN_EMPTY_BODY = YES;
				CLANG_WARN_ENUM_CONVERSION = YES;
				CLANG_WARN_INFINITE_RECURSION = YES;
				CLANG_WARN_INT_CONVERSION = YES;
				CLANG_WARN_NON_LITERAL_NULL_CONVERSION = YES;
				CLANG_WARN_OBJC_IMPLICIT_RETAIN_SELF = YES;
				CLANG_WARN_OBJC_LITERAL_CONVERSION = YES;
				CLANG_WARN_OBJC_ROOT_CLASS = YES_ERROR;
				CLANG_WARN_QUOTED_INCLUDE_IN_FRAMEWORK_HEADER = YES;
				CLANG_WARN_RANGE_LOOP_ANALYSIS = YES;
				CLANG_WARN_STRICT_PROTOTYPES = YES;
				CLANG_WARN_SUSPICIOUS_MOVE = YES;
				CLANG_WARN_UNGUARDED_AVAILABILITY = YES_AGGRESSIVE;
				CLANG_WARN_UNREACHABLE_CODE = YES;
				CLANG_WARN__DUPLICATE_METHOD_MATCH = YES;
				COPY_PHASE_STRIP = NO;
				DEBUG_INFORMATION_FORMAT = "dwarf-with-dsym";
				ENABLE_NS_ASSERTIONS = NO;
				ENABLE_STRICT_OBJC_MSGSEND = YES;
				ENABLE_USER_SCRIPT_SANDBOXING = YES;
				GCC_C_LANGUAGE_STANDARD = gnu17;
				GCC_NO_COMMON_BLOCKS = YES;
				GCC_WARN_64_TO_32_BIT_CONVERSION = YES;
				GCC_WARN_ABOUT_RETURN_TYPE = YES_ERROR;
				GCC_WARN_UNDECLARED_SELECTOR = YES;
				GCC_WARN_UNINITIALIZED_AUTOS = YES_AGGRESSIVE;
				GCC_WARN_UNUSED_FUNCTION = YES;
				GCC_WARN_UNUSED_VARIABLE = YES;
				IPHONEOS_DEPLOYMENT_TARGET = 17.4;
				LOCALIZATION_PREFERS_STRING_CATALOGS = YES;
				MTL_ENABLE_DEBUG_INFO = NO;
				MTL_FAST_MATH = YES;
				SDKROOT = iphoneos;
				SWIFT_COMPILATION_MODE = wholemodule;
				VALIDATE_PRODUCT = YES;
			};
			name = Release;
		};
		018B255E2BFF284000CFE307 /* Debug */ = {
			isa = XCBuildConfiguration;
			buildSettings = {
				ASSETCATALOG_COMPILER_APPICON_NAME = AppIcon;
				ASSETCATALOG_COMPILER_GLOBAL_ACCENT_COLOR_NAME = AccentColor;
				CODE_SIGN_STYLE = Automatic;
				CURRENT_PROJECT_VERSION = 1;
				DEVELOPMENT_TEAM = 7S6PH8TVFD;
				GENERATE_INFOPLIST_FILE = YES;
				INFOPLIST_FILE = TVC_Assign/Info.plist;
				INFOPLIST_KEY_UIApplicationSupportsIndirectInputEvents = YES;
				INFOPLIST_KEY_UILaunchStoryboardName = LaunchScreen;
				INFOPLIST_KEY_UIMainStoryboardFile = Main;
				INFOPLIST_KEY_UISupportedInterfaceOrientations_iPad = "UIInterfaceOrientationPortrait UIInterfaceOrientationPortraitUpsideDown UIInterfaceOrientationLandscapeLeft UIInterfaceOrientationLandscapeRight";
				INFOPLIST_KEY_UISupportedInterfaceOrientations_iPhone = "UIInterfaceOrientationPortrait UIInterfaceOrientationLandscapeLeft UIInterfaceOrientationLandscapeRight";
				LD_RUNPATH_SEARCH_PATHS = (
					"$(inherited)",
					"@executable_path/Frameworks",
				);
				MARKETING_VERSION = 1.0;
				PRODUCT_BUNDLE_IDENTIFIER = "com.seokho.TVC-Assign";
				PRODUCT_NAME = "$(TARGET_NAME)";
				SUPPORTED_PLATFORMS = "iphoneos iphonesimulator";
				SUPPORTS_MACCATALYST = NO;
				SUPPORTS_MAC_DESIGNED_FOR_IPHONE_IPAD = NO;
				SUPPORTS_XR_DESIGNED_FOR_IPHONE_IPAD = NO;
				SWIFT_EMIT_LOC_STRINGS = YES;
				SWIFT_VERSION = 5.0;
				TARGETED_DEVICE_FAMILY = 1;
			};
			name = Debug;
		};
		018B255F2BFF284000CFE307 /* Release */ = {
			isa = XCBuildConfiguration;
			buildSettings = {
				ASSETCATALOG_COMPILER_APPICON_NAME = AppIcon;
				ASSETCATALOG_COMPILER_GLOBAL_ACCENT_COLOR_NAME = AccentColor;
				CODE_SIGN_STYLE = Automatic;
				CURRENT_PROJECT_VERSION = 1;
				DEVELOPMENT_TEAM = 7S6PH8TVFD;
				GENERATE_INFOPLIST_FILE = YES;
				INFOPLIST_FILE = TVC_Assign/Info.plist;
				INFOPLIST_KEY_UIApplicationSupportsIndirectInputEvents = YES;
				INFOPLIST_KEY_UILaunchStoryboardName = LaunchScreen;
				INFOPLIST_KEY_UIMainStoryboardFile = Main;
				INFOPLIST_KEY_UISupportedInterfaceOrientations_iPad = "UIInterfaceOrientationPortrait UIInterfaceOrientationPortraitUpsideDown UIInterfaceOrientationLandscapeLeft UIInterfaceOrientationLandscapeRight";
				INFOPLIST_KEY_UISupportedInterfaceOrientations_iPhone = "UIInterfaceOrientationPortrait UIInterfaceOrientationLandscapeLeft UIInterfaceOrientationLandscapeRight";
				LD_RUNPATH_SEARCH_PATHS = (
					"$(inherited)",
					"@executable_path/Frameworks",
				);
				MARKETING_VERSION = 1.0;
				PRODUCT_BUNDLE_IDENTIFIER = "com.seokho.TVC-Assign";
				PRODUCT_NAME = "$(TARGET_NAME)";
				SUPPORTED_PLATFORMS = "iphoneos iphonesimulator";
				SUPPORTS_MACCATALYST = NO;
				SUPPORTS_MAC_DESIGNED_FOR_IPHONE_IPAD = NO;
				SUPPORTS_XR_DESIGNED_FOR_IPHONE_IPAD = NO;
				SWIFT_EMIT_LOC_STRINGS = YES;
				SWIFT_VERSION = 5.0;
				TARGETED_DEVICE_FAMILY = 1;
			};
			name = Release;
		};
/* End XCBuildConfiguration section */

/* Begin XCConfigurationList section */
		018B25442BFF283E00CFE307 /* Build configuration list for PBXProject "TVC_Assign" */ = {
			isa = XCConfigurationList;
			buildConfigurations = (
				018B255B2BFF284000CFE307 /* Debug */,
				018B255C2BFF284000CFE307 /* Release */,
			);
			defaultConfigurationIsVisible = 0;
			defaultConfigurationName = Release;
		};
		018B255D2BFF284000CFE307 /* Build configuration list for PBXNativeTarget "TVC_Assign" */ = {
			isa = XCConfigurationList;
			buildConfigurations = (
				018B255E2BFF284000CFE307 /* Debug */,
				018B255F2BFF284000CFE307 /* Release */,
			);
			defaultConfigurationIsVisible = 0;
			defaultConfigurationName = Release;
		};
/* End XCConfigurationList section */

/* Begin XCRemoteSwiftPackageReference section */
		016B9B832C0F04F0009D2996 /* XCRemoteSwiftPackageReference "RxSwift" */ = {
			isa = XCRemoteSwiftPackageReference;
			repositoryURL = "https://github.com/ReactiveX/RxSwift.git";
			requirement = {
				kind = upToNextMajorVersion;
				minimumVersion = 6.7.1;
			};
		};
		016B9B882C0F0508009D2996 /* XCRemoteSwiftPackageReference "RxKeyboard" */ = {
			isa = XCRemoteSwiftPackageReference;
			repositoryURL = "https://github.com/RxSwiftCommunity/RxKeyboard.git";
			requirement = {
				kind = upToNextMajorVersion;
				minimumVersion = 2.0.1;
			};
		};
		016B9B8B2C0F078C009D2996 /* XCRemoteSwiftPackageReference "SnapKit" */ = {
			isa = XCRemoteSwiftPackageReference;
			repositoryURL = "https://github.com/SnapKit/SnapKit";
			requirement = {
				kind = upToNextMajorVersion;
				minimumVersion = 5.7.1;
			};
		};
		019B3BC72C0355FB00E4F624 /* XCRemoteSwiftPackageReference "Kingfisher" */ = {
			isa = XCRemoteSwiftPackageReference;
			repositoryURL = "https://github.com/onevcat/Kingfisher.git";
			requirement = {
				kind = upToNextMajorVersion;
				minimumVersion = 7.11.0;
			};
		};
/* End XCRemoteSwiftPackageReference section */

/* Begin XCSwiftPackageProductDependency section */
		016B9B842C0F04F0009D2996 /* RxCocoa */ = {
			isa = XCSwiftPackageProductDependency;
			package = 016B9B832C0F04F0009D2996 /* XCRemoteSwiftPackageReference "RxSwift" */;
			productName = RxCocoa;
		};
		016B9B862C0F04F0009D2996 /* RxSwift */ = {
			isa = XCSwiftPackageProductDependency;
			package = 016B9B832C0F04F0009D2996 /* XCRemoteSwiftPackageReference "RxSwift" */;
			productName = RxSwift;
		};
		016B9B892C0F0508009D2996 /* RxKeyboard */ = {
			isa = XCSwiftPackageProductDependency;
			package = 016B9B882C0F0508009D2996 /* XCRemoteSwiftPackageReference "RxKeyboard" */;
			productName = RxKeyboard;
		};
		016B9B8C2C0F078C009D2996 /* SnapKit */ = {
			isa = XCSwiftPackageProductDependency;
			package = 016B9B8B2C0F078C009D2996 /* XCRemoteSwiftPackageReference "SnapKit" */;
			productName = SnapKit;
		};
		019B3BC82C0355FB00E4F624 /* Kingfisher */ = {
			isa = XCSwiftPackageProductDependency;
			package = 019B3BC72C0355FB00E4F624 /* XCRemoteSwiftPackageReference "Kingfisher" */;
			productName = Kingfisher;
		};
/* End XCSwiftPackageProductDependency section */
	};
	rootObject = 018B25412BFF283E00CFE307 /* Project object */;
}
